
Microsoft Visual Studio Solution File, Format Version 12.00
# Visual Studio Version 17
VisualStudioVersion = 17.3.32804.467
MinimumVisualStudioVersion = 10.0.40219.1
Project("{FAE04EC0-301F-11D3-BF4B-00C04F79EFBC}") = "Multimedia Application UI", "Multimedia Application UI\Multimedia Application UI.csproj", "{D0E06654-9831-463A-B902-0656EF712E29}"
EndProject
Global
	GlobalSection(SolutionConfigurationPlatforms) = preSolution
		Debug|Any CPU = Debug|Any CPU
		Debug|x86 = Debug|x86
		Release|Any CPU = Release|Any CPU
		Release|x86 = Release|x86
	EndGlobalSection
	GlobalSection(ProjectConfigurationPlatforms) = postSolution
		{D0E06654-9831-463A-B902-0656EF712E29}.Debug|Any CPU.ActiveCfg = Debug|Any CPU
		{D0E06654-9831-463A-B902-0656EF712E29}.Debug|Any CPU.Build.0 = Debug|Any CPU
		{D0E06654-9831-463A-B902-0656EF712E29}.Debug|x86.ActiveCfg = Debug|x86
		{D0E06654-9831-463A-B902-0656EF712E29}.Debug|x86.Build.0 = Debug|x86
		{D0E06654-9831-463A-B902-0656EF712E29}.Release|Any CPU.ActiveCfg = Release|Any CPU
		{D0E06654-9831-463A-B902-0656EF712E29}.Release|Any CPU.Build.0 = Release|Any CPU
		{D0E06654-9831-463A-B902-0656EF712E29}.Release|x86.ActiveCfg = Release|x86
		{D0E06654-9831-463A-B902-0656EF712E29}.Release|x86.Build.0 = Release|x86
	EndGlobalSection
	GlobalSection(SolutionProperties) = preSolution
		HideSolutionNode = FALSE
	EndGlobalSection
	GlobalSection(ExtensibilityGlobals) = postSolution
		SolutionGuid = {583DE362-7F8F-46DD-87CC-3432F67A04A5}
	EndGlobalSection
EndGlobal
